{
  "name": "jadx-atlas",
  "version": "0.2.0",
  "lockfileVersion": 3,
  "requires": true,
  "packages": {
    "": {
      "name": "jadx-atlas",
      "version": "0.2.0",
      "dependencies": {
        "cytoscape": "^3.34.3",
        "cytoscape-dagre": "^4.0.1"
      }
    },
    "node_modules/cytoscape": {
      "version": "3.34.3",
      "resolved": "https://registry.npmjs.org/cytoscape/-/cytoscape-3.34.3.tgz",
      "integrity": "sha512-yfYGhRcGAntq6YBD583j4n0Eg3jIxvWmZtz/5uz9UYkeIStSlMxuUja+ec5j3iBD8nv1rwaOAYMW09tBdkSeaQ==",
      "license": "MIT",
      "engines": {
        "node": ">=0.10"
      }
    },
    "node_modules/cytoscape-dagre": {
      "version": "4.0.1",
      "resolved": "https://registry.npmjs.org/cytoscape-dagre/-/cytoscape-dagre-4.0.1.tgz",
      "integrity": "sha512-hyNdh8Vp1nwzBcjHnM4c71G81bFhPmQYLXD2HM9AZIvl+8TrMzWEOPW45hF/XOBQiEguPcDQzi6VrXR1XBcXOA==",
      "license": "MIT",
      "peerDependencies": {
        "cytoscape": "^3.2.22"
      }
    }
  }
}
